{
  "requires": true,
  "lockfileVersion": 1,
  "dependencies": {
    "audio-sink": {
      "version": "1.1.6",
      "resolved": "https://registry.npmjs.org/audio-sink/-/audio-sink-1.1.6.tgz",
      "integrity": "sha1-4UVOsTeFIimNIXC3ywMsM/0faIU=",
      "requires": {
        "inherits": "^2.0.1",
        "xtend": "^4.0.1"
      }
    },
    "inherits": {
      "version": "2.0.3",
      "resolved": "https://registry.npmjs.org/inherits/-/inherits-2.0.3.tgz",
      "integrity": "sha1-Yzwsg+PaQqUC9SRmAiSA9CCCYd4="
    },
    "node-record-lpcm16": {
      "version": "0.3.1",
      "resolved": "https://registry.npmjs.org/node-record-lpcm16/-/node-record-lpcm16-0.3.1.tgz",
      "integrity": "sha512-Mmsu7//hdbMEsaoWDqoC/chJIZHtYXzYq6GRMfIMA0mu+fc5bIh9eEMi4fHLYbQB3M4orbbf7cM4crvHTeqlfg=="
    },
    "xtend": {
      "version": "4.0.1",
      "resolved": "https://registry.npmjs.org/xtend/-/xtend-4.0.1.tgz",
      "integrity": "sha1-pcbVMr5lbiPbgg77lDofBJmNY68="
    }
  }
}
